lockfileVersion: '9.0'

settings:
  autoInstallPeers: true
  excludeLinksFromLockfile: false

importers:

  .:
    dependencies:
      uhtml:
        specifier: ^4.7.1
        version: 4.7.1

packages:

  '@preact/signals-core@1.10.0':
    resolution: {integrity: sha512-qlKeXlfqtlC+sjxCPHt6Sk0/dXBrKZVcPlianqjNc/vW263YBFiP5mRrgKpHoO0q222Thm1TdYQWfCKpbbgvwA==}

  '@webreflection/signal@2.1.2':
    resolution: {integrity: sha512-0dW0fstQQkIt588JwhDiPS4xgeeQcQnBHn6MVInrBzmFlnLtzoSJL9G7JqdAlZVVi19tfb8R1QisZIT31cgiug==}

  '@webreflection/uparser@0.4.0':
    resolution: {integrity: sha512-kAFWUEw5eool295y01VDr+DOsyog6lURX9l288JCJAD2gxc0tFk34dYaAi6O3BbJyfSoncVEV+nw87bsssdppQ==}

  custom-function@2.0.0:
    resolution: {integrity: sha512-2OPHkZzq3mK1nWpJqWWkGD6Z+0AajNeIxmXl+MRVL8Vysjjf5tf9B5mo713/X2khEwBn/3BKQ7NphpP1vpVKug==}

  dom-serializer@2.0.0:
    resolution: {integrity: sha512-wIkAryiqt/nV5EQKqQpo3SToSOV9J0DnbJqwK7Wv/Trc92zIAYZ4FlMu+JPFW1DfGFt81ZTCGgDEabffXeLyJg==}

  domconstants@1.1.6:
    resolution: {integrity: sha512-CuaDrThJ4VM+LyZ4ax8n52k0KbLJZtffyGkuj1WhpTRRcSfcy/9DfOBa68jenhX96oNUTunblSJEUNC4baFdmQ==}

  domelementtype@2.3.0:
    resolution: {integrity: sha512-OLETBj6w0OsagBwdXnPdN0cnMfF9opN69co+7ZrbfPGrdpPVNBUj02spi6B1N7wChLQiPn4CSH/zJvXw56gmHw==}

  domhandler@5.0.3:
    resolution: {integrity: sha512-cgwlv/1iFQiFnU96XXgROh8xTeetsnJiDsTc7TYCLFd9+/WNkIqPTxiM/8pSd8VIrhXGTf1Ny1q1hquVqDJB5w==}
    engines: {node: '>= 4'}

  domutils@3.2.2:
    resolution: {integrity: sha512-6kZKyUajlDuqlHKVX1w7gyslj9MPIXzIFiz/rGu35uC1wMi+kMhQwGhl4lt9unC9Vb9INnY9Z3/ZA3+FhASLaw==}

  entities@4.5.0:
    resolution: {integrity: sha512-V0hjH4dGPh9Ao5p0MoRY6BVqtwCjhz6vI5LT8AJ55H+4g9/4vbHx1I54fS0XuclLhDHArPQCiMjDxjaL8fPxhw==}
    engines: {node: '>=0.12'}

  gc-hook@0.4.1:
    resolution: {integrity: sha512-uiF+uUftDVLr+VRdudsdsT3/LQYnv2ntwhRH964O7xXDI57Smrek5olv75Wb8Nnz6U+7iVTRXsBlxKcsaDTJTQ==}

  html-escaper@3.0.3:
    resolution: {integrity: sha512-RuMffC89BOWQoY0WKGpIhn5gX3iI54O6nRA0yC124NYVtzjmFWBIiFd8M0x+ZdX0P9R4lADg1mgP8C7PxGOWuQ==}

  htmlparser2@9.1.0:
    resolution: {integrity: sha512-5zfg6mHUoaer/97TxnGpxmbR7zJtPwIYFMZ/H5ucTlPZhKvtum05yiPK3Mgai3a0DyVxv7qYqoweaEd2nrYQzQ==}

  udomdiff@1.1.2:
    resolution: {integrity: sha512-v+Z8Jal+GtmKGtJ34GIQlCJAxrDt9kbjpNsNvYoAXFyr4gNfWlD4uJJuoNNu/0UTVaKvQwHaSU095YDl71lKPw==}

  uhtml@4.7.1:
    resolution: {integrity: sha512-2Nv8m2WTVBAmep42aYDnMDTRf87yHRWFSif9uEqkCB1fgX85q7rxTXkP6PNINCNUs9/KmQJ+RBgSH1BNZmxEtg==}

snapshots:

  '@preact/signals-core@1.10.0':
    optional: true

  '@webreflection/signal@2.1.2':
    optional: true

  '@webreflection/uparser@0.4.0':
    dependencies:
      domconstants: 1.1.6

  custom-function@2.0.0: {}

  dom-serializer@2.0.0:
    dependencies:
      domelementtype: 2.3.0
      domhandler: 5.0.3
      entities: 4.5.0

  domconstants@1.1.6: {}

  domelementtype@2.3.0: {}

  domhandler@5.0.3:
    dependencies:
      domelementtype: 2.3.0

  domutils@3.2.2:
    dependencies:
      dom-serializer: 2.0.0
      domelementtype: 2.3.0
      domhandler: 5.0.3

  entities@4.5.0: {}

  gc-hook@0.4.1: {}

  html-escaper@3.0.3: {}

  htmlparser2@9.1.0:
    dependencies:
      domelementtype: 2.3.0
      domhandler: 5.0.3
      domutils: 3.2.2
      entities: 4.5.0

  udomdiff@1.1.2: {}

  uhtml@4.7.1:
    dependencies:
      '@webreflection/uparser': 0.4.0
      custom-function: 2.0.0
      domconstants: 1.1.6
      gc-hook: 0.4.1
      html-escaper: 3.0.3
      htmlparser2: 9.1.0
      udomdiff: 1.1.2
    optionalDependencies:
      '@preact/signals-core': 1.10.0
      '@webreflection/signal': 2.1.2
